
Microsoft Visual Studio Solution File, Format Version 12.00
# Visual Studio Version 17
VisualStudioVersion = 17.3.32929.385
MinimumVisualStudioVersion = 10.0.40219.1
Project("{FAE04EC0-301F-11D3-BF4B-00C04F79EFBC}") = "Tarea2_UAPA", "Tarea2_UAPA\Tarea2_UAPA.csproj", "{1363DF3D-C69F-4F8D-8AA8-21F827EA0549}"
EndProject
Global
	GlobalSection(SolutionConfigurationPlatforms) = preSolution
		Debug|Any CPU = Debug|Any CPU
		Release|Any CPU = Release|Any CPU
	EndGlobalSection
	GlobalSection(ProjectConfigurationPlatforms) = postSolution
		{1363DF3D-C69F-4F8D-8AA8-21F827EA0549}.Debug|Any CPU.ActiveCfg = Debug|Any CPU
		{1363DF3D-C69F-4F8D-8AA8-21F827EA0549}.Debug|Any CPU.Build.0 = Debug|Any CPU
		{1363DF3D-C69F-4F8D-8AA8-21F827EA0549}.Release|Any CPU.ActiveCfg = Release|Any CPU
		{1363DF3D-C69F-4F8D-8AA8-21F827EA0549}.Release|Any CPU.Build.0 = Release|Any CPU
	EndGlobalSection
	GlobalSection(SolutionProperties) = preSolution
		HideSolutionNode = FALSE
	EndGlobalSection
	GlobalSection(ExtensibilityGlobals) = postSolution
		SolutionGuid = {68BC28CD-CC85-44A6-B535-FC398DD6EDF6}
	EndGlobalSection
EndGlobal
